{
  "name": "@lazarv/wasm-yoga",
  "version": "1.0.0",
  "lockfileVersion": 1,
  "requires": true,
  "dependencies": {
    "emscripten-library-decorator": {
      "version": "0.2.2",
      "resolved": "https://registry.npmjs.org/emscripten-library-decorator/-/emscripten-library-decorator-0.2.2.tgz",
      "integrity": "sha1-0DXwI+KoTGgwXMhCze6jjmdoPEA=",
      "dev": true
    },
    "minimist": {
      "version": "1.2.5",
      "resolved": "https://registry.npmjs.org/minimist/-/minimist-1.2.5.tgz",
      "integrity": "sha512-FM9nNUYrRBAELZQT3xeZQ7fmMOBg6nWNmJKTcgsJeaLstP/UODVpGsr5OhXhhXg6f+qtJ8uiZ+PUxkDWcgIXLw==",
      "dev": true
    },
    "mkdirp": {
      "version": "0.5.5",
      "resolved": "https://registry.npmjs.org/mkdirp/-/mkdirp-0.5.5.tgz",
      "integrity": "sha512-NKmAlESf6jMGym1++R0Ra7wvhV+wFW63FaSOFPwRahvea0gMUcGUhVeAg/0BC0wiv9ih5NYPB1Wn1UEI1/L+xQ==",
      "dev": true,
      "requires": {
        "minimist": "^1.2.5"
      }
    },
    "nan": {
      "version": "2.14.2",
      "resolved": "https://registry.npmjs.org/nan/-/nan-2.14.2.tgz",
      "integrity": "sha512-M2ufzIiINKCuDfBSAUr1vWQ+vuVcA9kqx8JJUsbQi6yf1uGRyb7HfpdfUr5qLXf3B/t8dPvcjhKMmlfnP47EzQ==",
      "dev": true
    },
    "nbind": {
      "version": "0.3.15",
      "resolved": "https://registry.npmjs.org/nbind/-/nbind-0.3.15.tgz",
      "integrity": "sha512-TrKLNRj5D8wZRJb7XmUNbA1W3iTigAEpm3qaGig5bEWY/iCT2IQBgBc2EUGO59FbRIGhx5hB/McVwqxlSGScVw==",
      "dev": true,
      "requires": {
        "emscripten-library-decorator": "~0.2.2",
        "mkdirp": "~0.5.1",
        "nan": "^2.9.2"
      }
    }
  }
}
